
Microsoft Visual Studio Solution File, Format Version 12.00
# Visual Studio Version 17
VisualStudioVersion = 17.5.002.0
MinimumVisualStudioVersion = 10.0.40219.1
Project("{2150E333-8FDC-42A3-9474-1A3956D46DE8}") = "prepare", "prepare", "{88A28845-F152-4350-A33E-033858DDFCFB}"
EndProject
Project("{9A19103F-16F7-4668-BE54-9A1E7A4F7556}") = "Learning02", "prepare\Learning02\Learning02.csproj", "{6F4DBAD9-FAE4-46FC-ABED-08E1793B8EA2}"
EndProject
Project("{9A19103F-16F7-4668-BE54-9A1E7A4F7556}") = "Learning05", "prepare\Learning05\Learning05.csproj", "{F81D4F66-CB76-4E03-A6EE-18D8F602A602}"
EndProject
Project("{9A19103F-16F7-4668-BE54-9A1E7A4F7556}") = "Learning04", "prepare\Learning04\Learning04.csproj", "{0E008DBB-D86C-496B-A10F-B232E48B1684}"
EndProject
Project("{9A19103F-16F7-4668-BE54-9A1E7A4F7556}") = "Learning03", "prepare\Learning03\Learning03.csproj", "{494BA67E-840E-4B01-8CD5-6109AE5F5FB3}"
EndProject
Project("{2150E333-8FDC-42A3-9474-1A3956D46DE8}") = "prove", "prove", "{BC888515-3CC0-402F-AA06-F501E480BB1F}"
EndProject
Project("{9A19103F-16F7-4668-BE54-9A1E7A4F7556}") = "Develop03", "prove\Develop03\Develop03.csproj", "{29941A6F-93E4-4DE6-AA84-315A621CED53}"
EndProject
Project("{9A19103F-16F7-4668-BE54-9A1E7A4F7556}") = "Develop04", "prove\Develop04\Develop04.csproj", "{DB018D6C-0864-41DD-867E-AA5963D525D1}"
EndProject
Project("{9A19103F-16F7-4668-BE54-9A1E7A4F7556}") = "Develop05", "prove\Develop05\Develop05.csproj", "{FD839718-8CA7-41A8-A66B-686E57FB40C9}"
EndProject
Project("{9A19103F-16F7-4668-BE54-9A1E7A4F7556}") = "Develop02", "prove\Develop02\Develop02.csproj", "{009D4273-ED14-4F1B-AFAE-B8B311A84E52}"
EndProject
Project("{2150E333-8FDC-42A3-9474-1A3956D46DE8}") = "sandbox", "sandbox", "{856FD07E-11F3-494E-8F87-E8D371899A6F}"
EndProject
Project("{9A19103F-16F7-4668-BE54-9A1E7A4F7556}") = "Sandbox", "sandbox\Sandbox\Sandbox.csproj", "{1681BC96-E846-4120-AC9C-C419DB79AE65}"
EndProject
Project("{2150E333-8FDC-42A3-9474-1A3956D46DE8}") = "final", "final", "{87CB6918-E269-4970-964F-B8D108CD22D3}"
EndProject
Project("{9A19103F-16F7-4668-BE54-9A1E7A4F7556}") = "FinalProject", "final\FinalProject\FinalProject.csproj", "{A6B559C6-296E-42F6-A330-91C353186213}"
EndProject
Project("{9A19103F-16F7-4668-BE54-9A1E7A4F7556}") = "Foundation1", "final\Foundation1\Foundation1.csproj", "{B8CDEAC0-2D34-4C65-B540-72CC6B985FAD}"
EndProject
Project("{9A19103F-16F7-4668-BE54-9A1E7A4F7556}") = "Foundation4", "final\Foundation4\Foundation4.csproj", "{6FE5D8A2-1873-437D-96E0-03ED2F4A4A96}"
EndProject
Project("{9A19103F-16F7-4668-BE54-9A1E7A4F7556}") = "Foundation3", "final\Foundation3\Foundation3.csproj", "{FA8FC5DC-BA5B-4B39-928F-8B029ED252B1}"
EndProject
Project("{9A19103F-16F7-4668-BE54-9A1E7A4F7556}") = "Foundation2", "final\Foundation2\Foundation2.csproj", "{D95CA5D4-D27A-4D1C-9653-05A144CA46F2}"
EndProject
Project("{2150E333-8FDC-42A3-9474-1A3956D46DE8}") = "csharp-prep", "csharp-prep", "{B4A5DFFA-5429-4F6A-B0C9-9848B345D327}"
EndProject
Project("{9A19103F-16F7-4668-BE54-9A1E7A4F7556}") = "Prep1", "csharp-prep\Prep1\Prep1.csproj", "{D7D293C7-3E09-4C2B-9D24-3704F4158FBB}"
EndProject
Project("{9A19103F-16F7-4668-BE54-9A1E7A4F7556}") = "Prep5", "csharp-prep\Prep5\Prep5.csproj", "{1440A1A3-6DEC-4D8B-91A0-95D0CC5363D2}"
EndProject
Project("{9A19103F-16F7-4668-BE54-9A1E7A4F7556}") = "Prep2", "csharp-prep\Prep2\Prep2.csproj", "{7AD93764-D306-449B-B13B-555C09298EA1}"
EndProject
Project("{9A19103F-16F7-4668-BE54-9A1E7A4F7556}") = "Prep3", "csharp-prep\Prep3\Prep3.csproj", "{E5B78642-6A0C-47CD-8779-08A86D93BB4C}"
EndProject
Project("{9A19103F-16F7-4668-BE54-9A1E7A4F7556}") = "Prep4", "csharp-prep\Prep4\Prep4.csproj", "{F396EDE9-1628-4593-BF3F-6324BA94086F}"
EndProject
Global
	GlobalSection(SolutionConfigurationPlatforms) = preSolution
		Debug|Any CPU = Debug|Any CPU
		Release|Any CPU = Release|Any CPU
	EndGlobalSection
	GlobalSection(ProjectConfigurationPlatforms) = postSolution
		{6F4DBAD9-FAE4-46FC-ABED-08E1793B8EA2}.Debug|Any CPU.ActiveCfg = Debug|Any CPU
		{6F4DBAD9-FAE4-46FC-ABED-08E1793B8EA2}.Debug|Any CPU.Build.0 = Debug|Any CPU
		{6F4DBAD9-FAE4-46FC-ABED-08E1793B8EA2}.Release|Any CPU.ActiveCfg = Release|Any CPU
		{6F4DBAD9-FAE4-46FC-ABED-08E1793B8EA2}.Release|Any CPU.Build.0 = Release|Any CPU
		{F81D4F66-CB76-4E03-A6EE-18D8F602A602}.Debug|Any CPU.ActiveCfg = Debug|Any CPU
		{F81D4F66-CB76-4E03-A6EE-18D8F602A602}.Debug|Any CPU.Build.0 = Debug|Any CPU
		{F81D4F66-CB76-4E03-A6EE-18D8F602A602}.Release|Any CPU.ActiveCfg = Release|Any CPU
		{F81D4F66-CB76-4E03-A6EE-18D8F602A602}.Release|Any CPU.Build.0 = Release|Any CPU
		{0E008DBB-D86C-496B-A10F-B232E48B1684}.Debug|Any CPU.ActiveCfg = Debug|Any CPU
		{0E008DBB-D86C-496B-A10F-B232E48B1684}.Debug|Any CPU.Build.0 = Debug|Any CPU
		{0E008DBB-D86C-496B-A10F-B232E48B1684}.Release|Any CPU.ActiveCfg = Release|Any CPU
		{0E008DBB-D86C-496B-A10F-B232E48B1684}.Release|Any CPU.Build.0 = Release|Any CPU
		{494BA67E-840E-4B01-8CD5-6109AE5F5FB3}.Debug|Any CPU.ActiveCfg = Debug|Any CPU
		{494BA67E-840E-4B01-8CD5-6109AE5F5FB3}.Debug|Any CPU.Build.0 = Debug|Any CPU
		{494BA67E-840E-4B01-8CD5-6109AE5F5FB3}.Release|Any CPU.ActiveCfg = Release|Any CPU
		{494BA67E-840E-4B01-8CD5-6109AE5F5FB3}.Release|Any CPU.Build.0 = Release|Any CPU
		{29941A6F-93E4-4DE6-AA84-315A621CED53}.Debug|Any CPU.ActiveCfg = Debug|Any CPU
		{29941A6F-93E4-4DE6-AA84-315A621CED53}.Debug|Any CPU.Build.0 = Debug|Any CPU
		{29941A6F-93E4-4DE6-AA84-315A621CED53}.Release|Any CPU.ActiveCfg = Release|Any CPU
		{29941A6F-93E4-4DE6-AA84-315A621CED53}.Release|Any CPU.Build.0 = Release|Any CPU
		{DB018D6C-0864-41DD-867E-AA5963D525D1}.Debug|Any CPU.ActiveCfg = Debug|Any CPU
		{DB018D6C-0864-41DD-867E-AA5963D525D1}.Debug|Any CPU.Build.0 = Debug|Any CPU
		{DB018D6C-0864-41DD-867E-AA5963D525D1}.Release|Any CPU.ActiveCfg = Release|Any CPU
		{DB018D6C-0864-41DD-867E-AA5963D525D1}.Release|Any CPU.Build.0 = Release|Any CPU
		{FD839718-8CA7-41A8-A66B-686E57FB40C9}.Debug|Any CPU.ActiveCfg = Debug|Any CPU
		{FD839718-8CA7-41A8-A66B-686E57FB40C9}.Debug|Any CPU.Build.0 = Debug|Any CPU
		{FD839718-8CA7-41A8-A66B-686E57FB40C9}.Release|Any CPU.ActiveCfg = Release|Any CPU
		{FD839718-8CA7-41A8-A66B-686E57FB40C9}.Release|Any CPU.Build.0 = Release|Any CPU
		{009D4273-ED14-4F1B-AFAE-B8B311A84E52}.Debug|Any CPU.ActiveCfg = Debug|Any CPU
		{009D4273-ED14-4F1B-AFAE-B8B311A84E52}.Debug|Any CPU.Build.0 = Debug|Any CPU
		{009D4273-ED14-4F1B-AFAE-B8B311A84E52}.Release|Any CPU.ActiveCfg = Release|Any CPU
		{009D4273-ED14-4F1B-AFAE-B8B311A84E52}.Release|Any CPU.Build.0 = Release|Any CPU
		{1681BC96-E846-4120-AC9C-C419DB79AE65}.Debug|Any CPU.ActiveCfg = Debug|Any CPU
		{1681BC96-E846-4120-AC9C-C419DB79AE65}.Debug|Any CPU.Build.0 = Debug|Any CPU
		{1681BC96-E846-4120-AC9C-C419DB79AE65}.Release|Any CPU.ActiveCfg = Release|Any CPU
		{1681BC96-E846-4120-AC9C-C419DB79AE65}.Release|Any CPU.Build.0 = Release|Any CPU
		{A6B559C6-296E-42F6-A330-91C353186213}.Debug|Any CPU.ActiveCfg = Debug|Any CPU
		{A6B559C6-296E-42F6-A330-91C353186213}.Debug|Any CPU.Build.0 = Debug|Any CPU
		{A6B559C6-296E-42F6-A330-91C353186213}.Release|Any CPU.ActiveCfg = Release|Any CPU
		{A6B559C6-296E-42F6-A330-91C353186213}.Release|Any CPU.Build.0 = Release|Any CPU
		{B8CDEAC0-2D34-4C65-B540-72CC6B985FAD}.Debug|Any CPU.ActiveCfg = Debug|Any CPU
		{B8CDEAC0-2D34-4C65-B540-72CC6B985FAD}.Debug|Any CPU.Build.0 = Debug|Any CPU
		{B8CDEAC0-2D34-4C65-B540-72CC6B985FAD}.Release|Any CPU.ActiveCfg = Release|Any CPU
		{B8CDEAC0-2D34-4C65-B540-72CC6B985FAD}.Release|Any CPU.Build.0 = Release|Any CPU
		{6FE5D8A2-1873-437D-96E0-03ED2F4A4A96}.Debug|Any CPU.ActiveCfg = Debug|Any CPU
		{6FE5D8A2-1873-437D-96E0-03ED2F4A4A96}.Debug|Any CPU.Build.0 = Debug|Any CPU
		{6FE5D8A2-1873-437D-96E0-03ED2F4A4A96}.Release|Any CPU.ActiveCfg = Release|Any CPU
		{6FE5D8A2-1873-437D-96E0-03ED2F4A4A96}.Release|Any CPU.Build.0 = Release|Any CPU
		{FA8FC5DC-BA5B-4B39-928F-8B029ED252B1}.Debug|Any CPU.ActiveCfg = Debug|Any CPU
		{FA8FC5DC-BA5B-4B39-928F-8B029ED252B1}.Debug|Any CPU.Build.0 = Debug|Any CPU
		{FA8FC5DC-BA5B-4B39-928F-8B029ED252B1}.Release|Any CPU.ActiveCfg = Release|Any CPU
		{FA8FC5DC-BA5B-4B39-928F-8B029ED252B1}.Release|Any CPU.Build.0 = Release|Any CPU
		{D95CA5D4-D27A-4D1C-9653-05A144CA46F2}.Debug|Any CPU.ActiveCfg = Debug|Any CPU
		{D95CA5D4-D27A-4D1C-9653-05A144CA46F2}.Debug|Any CPU.Build.0 = Debug|Any CPU
		{D95CA5D4-D27A-4D1C-9653-05A144CA46F2}.Release|Any CPU.ActiveCfg = Release|Any CPU
		{D95CA5D4-D27A-4D1C-9653-05A144CA46F2}.Release|Any CPU.Build.0 = Release|Any CPU
		{D7D293C7-3E09-4C2B-9D24-3704F4158FBB}.Debug|Any CPU.ActiveCfg = Debug|Any CPU
		{D7D293C7-3E09-4C2B-9D24-3704F4158FBB}.Debug|Any CPU.Build.0 = Debug|Any CPU
		{D7D293C7-3E09-4C2B-9D24-3704F4158FBB}.Release|Any CPU.ActiveCfg = Release|Any CPU
		{D7D293C7-3E09-4C2B-9D24-3704F4158FBB}.Release|Any CPU.Build.0 = Release|Any CPU
		{1440A1A3-6DEC-4D8B-91A0-95D0CC5363D2}.Debug|Any CPU.ActiveCfg = Debug|Any CPU
		{1440A1A3-6DEC-4D8B-91A0-95D0CC5363D2}.Debug|Any CPU.Build.0 = Debug|Any CPU
		{1440A1A3-6DEC-4D8B-91A0-95D0CC5363D2}.Release|Any CPU.ActiveCfg = Release|Any CPU
		{1440A1A3-6DEC-4D8B-91A0-95D0CC5363D2}.Release|Any CPU.Build.0 = Release|Any CPU
		{7AD93764-D306-449B-B13B-555C09298EA1}.Debug|Any CPU.ActiveCfg = Debug|Any CPU
		{7AD93764-D306-449B-B13B-555C09298EA1}.Debug|Any CPU.Build.0 = Debug|Any CPU
		{7AD93764-D306-449B-B13B-555C09298EA1}.Release|Any CPU.ActiveCfg = Release|Any CPU
		{7AD93764-D306-449B-B13B-555C09298EA1}.Release|Any CPU.Build.0 = Release|Any CPU
		{E5B78642-6A0C-47CD-8779-08A86D93BB4C}.Debug|Any CPU.ActiveCfg = Debug|Any CPU
		{E5B78642-6A0C-47CD-8779-08A86D93BB4C}.Debug|Any CPU.Build.0 = Debug|Any CPU
		{E5B78642-6A0C-47CD-8779-08A86D93BB4C}.Release|Any CPU.ActiveCfg = Release|Any CPU
		{E5B78642-6A0C-47CD-8779-08A86D93BB4C}.Release|Any CPU.Build.0 = Release|Any CPU
		{F396EDE9-1628-4593-BF3F-6324BA94086F}.Debug|Any CPU.ActiveCfg = Debug|Any CPU
		{F396EDE9-1628-4593-BF3F-6324BA94086F}.Debug|Any CPU.Build.0 = Debug|Any CPU
		{F396EDE9-1628-4593-BF3F-6324BA94086F}.Release|Any CPU.ActiveCfg = Release|Any CPU
		{F396EDE9-1628-4593-BF3F-6324BA94086F}.Release|Any CPU.Build.0 = Release|Any CPU
	EndGlobalSection
	GlobalSection(SolutionProperties) = preSolution
		HideSolutionNode = FALSE
	EndGlobalSection
	GlobalSection(NestedProjects) = preSolution
		{6F4DBAD9-FAE4-46FC-ABED-08E1793B8EA2} = {88A28845-F152-4350-A33E-033858DDFCFB}
		{F81D4F66-CB76-4E03-A6EE-18D8F602A602} = {88A28845-F152-4350-A33E-033858DDFCFB}
		{0E008DBB-D86C-496B-A10F-B232E48B1684} = {88A28845-F152-4350-A33E-033858DDFCFB}
		{494BA67E-840E-4B01-8CD5-6109AE5F5FB3} = {88A28845-F152-4350-A33E-033858DDFCFB}
		{29941A6F-93E4-4DE6-AA84-315A621CED53} = {BC888515-3CC0-402F-AA06-F501E480BB1F}
		{DB018D6C-0864-41DD-867E-AA5963D525D1} = {BC888515-3CC0-402F-AA06-F501E480BB1F}
		{FD839718-8CA7-41A8-A66B-686E57FB40C9} = {BC888515-3CC0-402F-AA06-F501E480BB1F}
		{009D4273-ED14-4F1B-AFAE-B8B311A84E52} = {BC888515-3CC0-402F-AA06-F501E480BB1F}
		{1681BC96-E846-4120-AC9C-C419DB79AE65} = {856FD07E-11F3-494E-8F87-E8D371899A6F}
		{A6B559C6-296E-42F6-A330-91C353186213} = {87CB6918-E269-4970-964F-B8D108CD22D3}
		{B8CDEAC0-2D34-4C65-B540-72CC6B985FAD} = {87CB6918-E269-4970-964F-B8D108CD22D3}
		{6FE5D8A2-1873-437D-96E0-03ED2F4A4A96} = {87CB6918-E269-4970-964F-B8D108CD22D3}
		{FA8FC5DC-BA5B-4B39-928F-8B029ED252B1} = {87CB6918-E269-4970-964F-B8D108CD22D3}
		{D95CA5D4-D27A-4D1C-9653-05A144CA46F2} = {87CB6918-E269-4970-964F-B8D108CD22D3}
		{D7D293C7-3E09-4C2B-9D24-3704F4158FBB} = {B4A5DFFA-5429-4F6A-B0C9-9848B345D327}
		{1440A1A3-6DEC-4D8B-91A0-95D0CC5363D2} = {B4A5DFFA-5429-4F6A-B0C9-9848B345D327}
		{7AD93764-D306-449B-B13B-555C09298EA1} = {B4A5DFFA-5429-4F6A-B0C9-9848B345D327}
		{E5B78642-6A0C-47CD-8779-08A86D93BB4C} = {B4A5DFFA-5429-4F6A-B0C9-9848B345D327}
		{F396EDE9-1628-4593-BF3F-6324BA94086F} = {B4A5DFFA-5429-4F6A-B0C9-9848B345D327}
	EndGlobalSection
	GlobalSection(ExtensibilityGlobals) = postSolution
		SolutionGuid = {1F58226C-D673-472B-A2F0-9F1D451B1FE6}
	EndGlobalSection
EndGlobal
